
Microsoft Visual Studio Solution File, Format Version 12.00
# Visual Studio Version 17
VisualStudioVersion = 17.0.31903.59
MinimumVisualStudioVersion = 10.0.40219.1
Project("{FAE04EC0-301F-11D3-BF4B-00C04F79EFBC}") = "SpaceBattle.Lib", "SpaceBattle.Lib\SpaceBattle.Lib.csproj", "{382800F9-F93C-4C00-A55F-4CF0CA5610D0}"
EndProject
Project("{FAE04EC0-301F-11D3-BF4B-00C04F79EFBC}") = "SpaceBattle.Lib.Tests", "SpaceBattle.Lib.Tests\SpaceBattle.Lib.Tests.csproj", "{9650E52F-FA10-468C-A9DD-8214E1505266}"
EndProject
Global
	GlobalSection(SolutionConfigurationPlatforms) = preSolution
		Debug|Any CPU = Debug|Any CPU
		Release|Any CPU = Release|Any CPU
	EndGlobalSection
	GlobalSection(SolutionProperties) = preSolution
		HideSolutionNode = FALSE
	EndGlobalSection
	GlobalSection(ProjectConfigurationPlatforms) = postSolution
		{382800F9-F93C-4C00-A55F-4CF0CA5610D0}.Debug|Any CPU.ActiveCfg = Debug|Any CPU
		{382800F9-F93C-4C00-A55F-4CF0CA5610D0}.Debug|Any CPU.Build.0 = Debug|Any CPU
		{382800F9-F93C-4C00-A55F-4CF0CA5610D0}.Release|Any CPU.ActiveCfg = Release|Any CPU
		{382800F9-F93C-4C00-A55F-4CF0CA5610D0}.Release|Any CPU.Build.0 = Release|Any CPU
		{9650E52F-FA10-468C-A9DD-8214E1505266}.Debug|Any CPU.ActiveCfg = Debug|Any CPU
		{9650E52F-FA10-468C-A9DD-8214E1505266}.Debug|Any CPU.Build.0 = Debug|Any CPU
		{9650E52F-FA10-468C-A9DD-8214E1505266}.Release|Any CPU.ActiveCfg = Release|Any CPU
		{9650E52F-FA10-468C-A9DD-8214E1505266}.Release|Any CPU.Build.0 = Release|Any CPU
	EndGlobalSection
EndGlobal
